Microsoft Visual Studio Solution File, Format Version 1.00
Project("{66355F20-A65B-11D0-BFB5-00A0C91EBFA0}") = "PIDTrainer", "PIDTrainer.vjp", "{646A152B-4ACA-496D-BBFE-3A86FCDCC29C}"
EndProject
Global
	GlobalSection(LocalDeployment) = postSolution
		StartupProject = {646A152B-4ACA-496D-BBFE-3A86FCDCC29C}
	EndGlobalSection
	GlobalSection(BuildOrder) = postSolution
		0 = {646A152B-4ACA-496D-BBFE-3A86FCDCC29C}
	EndGlobalSection
	GlobalSection(DeploymentRoot) = postSolution
	EndGlobalSection
EndGlobal
